<?xml version="1.0" encoding="utf-8"?>
<Project ToolsVersion="4.0" xmlns="http://schemas.microsoft.com/developer/msbuild/2003">
  <ItemGroup>
    <Filter Include="源文件">
      <UniqueIdentifier>{4FC737F1-C7A5-4376-A066-2A32D752A2FF}</UniqueIdentifier>
      <Extensions>cpp;c;cc;cxx;c++;cppm;ixx;def;odl;idl;hpj;bat;asm;asmx</Extensions>
    </Filter>
    <Filter Include="头文件">
      <UniqueIdentifier>{93995380-89BD-4b04-88EB-625FBE52EBFB}</UniqueIdentifier>
      <Extensions>h;hh;hpp;hxx;h++;hm;inl;inc;ipp;xsd</Extensions>
    </Filter>
    <Filter Include="资源文件">
      <UniqueIdentifier>{67DA6AB6-F800-4c08-8B7A-83BB121AAD01}</UniqueIdentifier>
      <Extensions>rc;ico;cur;bmp;dlg;rc2;rct;bin;rgs;gif;jpg;jpeg;jpe;resx;tiff;tif;png;wav;mfcribbon-ms</Extensions>
    </Filter>
  </ItemGroup>
  <ItemGroup>
    <ClCompile Include="Tinystl.cpp">
      <Filter>源文件</Filter>
    </ClCompile>
    <ClCompile Include="Detail\Alloc.cpp">
      <Filter>源文件</Filter>
    </ClCompile>
    <ClCompile Include="Test\VectorTest.cpp">
      <Filter>源文件</Filter>
    </ClCompile>
    <ClCompile Include="Detail\String.cpp">
      <Filter>源文件</Filter>
    </ClCompile>
    <ClCompile Include="Test\StringTest.cpp">
      <Filter>源文件</Filter>
    </ClCompile>
    <ClCompile Include="Detail\List.cpp">
      <Filter>源文件</Filter>
    </ClCompile>
    <ClCompile Include="Test\ListTest.cpp">
      <Filter>源文件</Filter>
    </ClCompile>
    <ClCompile Include="Test\StackTest.cpp">
      <Filter>源文件</Filter>
    </ClCompile>
    <ClCompile Include="Test\DequeTest.cpp">
      <Filter>源文件</Filter>
    </ClCompile>
    <ClCompile Include="Detail\Deque.cpp">
      <Filter>源文件</Filter>
    </ClCompile>
    <ClCompile Include="Test\QueueTest.cpp">
      <Filter>源文件</Filter>
    </ClCompile>
    <ClCompile Include="Detail\Unordered_set.cpp">
      <Filter>源文件</Filter>
    </ClCompile>
    <ClCompile Include="Test\Unordered_setTest.cpp">
      <Filter>源文件</Filter>
    </ClCompile>
  </ItemGroup>
  <ItemGroup>
    <ClInclude Include="Vector.h">
      <Filter>头文件</Filter>
    </ClInclude>
    <ClInclude Include="Alloc.h">
      <Filter>头文件</Filter>
    </ClInclude>
    <ClInclude Include="TypeTraits.h">
      <Filter>头文件</Filter>
    </ClInclude>
    <ClInclude Include="Construct.h">
      <Filter>头文件</Filter>
    </ClInclude>
    <ClInclude Include="Allocator.h">
      <Filter>头文件</Filter>
    </ClInclude>
    <ClInclude Include="Iterator.h">
      <Filter>头文件</Filter>
    </ClInclude>
    <ClInclude Include="Functional.h">
      <Filter>头文件</Filter>
    </ClInclude>
    <ClInclude Include="Utility.h">
      <Filter>头文件</Filter>
    </ClInclude>
    <ClInclude Include="Algorithm.h">
      <Filter>头文件</Filter>
    </ClInclude>
    <ClInclude Include="ReverseIterator.h">
      <Filter>头文件</Filter>
    </ClInclude>
    <ClInclude Include="UninitializedFunctions.h">
      <Filter>头文件</Filter>
    </ClInclude>
    <ClInclude Include="Test\VectorTest.h">
      <Filter>头文件</Filter>
    </ClInclude>
    <ClInclude Include="Test\TestUtil.h">
      <Filter>头文件</Filter>
    </ClInclude>
    <ClInclude Include="Detail\Vector.cpp">
      <Filter>头文件</Filter>
    </ClInclude>
    <ClInclude Include="String.h">
      <Filter>头文件</Filter>
    </ClInclude>
    <ClInclude Include="Test\StringTest.h">
      <Filter>头文件</Filter>
    </ClInclude>
    <ClInclude Include="List.h">
      <Filter>头文件</Filter>
    </ClInclude>
    <ClInclude Include="Test\ListTest.h">
      <Filter>头文件</Filter>
    </ClInclude>
    <ClInclude Include="stack.h">
      <Filter>头文件</Filter>
    </ClInclude>
    <ClInclude Include="Test\StackTest.h">
      <Filter>头文件</Filter>
    </ClInclude>
    <ClInclude Include="Deque.h">
      <Filter>头文件</Filter>
    </ClInclude>
    <ClInclude Include="Test\DequeTest.h">
      <Filter>头文件</Filter>
    </ClInclude>
    <ClInclude Include="Queue.h">
      <Filter>头文件</Filter>
    </ClInclude>
    <ClInclude Include="Test\QueueTest.h">
      <Filter>头文件</Filter>
    </ClInclude>
    <ClInclude Include="Unordered_set.h">
      <Filter>头文件</Filter>
    </ClInclude>
    <ClInclude Include="Test\Unordered_setTest.h">
      <Filter>头文件</Filter>
    </ClInclude>
    <ClInclude Include="Test\exceptdef.h">
      <Filter>头文件</Filter>
    </ClInclude>
  </ItemGroup>
</Project>